
Microsoft Visual Studio Solution File, Format Version 12.00
# Visual Studio Version 16
VisualStudioVersion = 16.0.30804.86
MinimumVisualStudioVersion = 10.0.40219.1
Project("{FAE04EC0-301F-11D3-BF4B-00C04F79EFBC}") = "loops", "loops\loops.csproj", "{43523B7F-4F1C-4A6C-A86A-1D9A07909EDB}"
EndProject
Global
	GlobalSection(SolutionConfigurationPlatforms) = preSolution
		Debug|Any CPU = Debug|Any CPU
		Release|Any CPU = Release|Any CPU
	EndGlobalSection
	GlobalSection(ProjectConfigurationPlatforms) = postSolution
		{43523B7F-4F1C-4A6C-A86A-1D9A07909EDB}.Debug|Any CPU.ActiveCfg = Debug|Any CPU
		{43523B7F-4F1C-4A6C-A86A-1D9A07909EDB}.Debug|Any CPU.Build.0 = Debug|Any CPU
		{43523B7F-4F1C-4A6C-A86A-1D9A07909EDB}.Release|Any CPU.ActiveCfg = Release|Any CPU
		{43523B7F-4F1C-4A6C-A86A-1D9A07909EDB}.Release|Any CPU.Build.0 = Release|Any CPU
	EndGlobalSection
	GlobalSection(SolutionProperties) = preSolution
		HideSolutionNode = FALSE
	EndGlobalSection
	GlobalSection(ExtensibilityGlobals) = postSolution
		SolutionGuid = {B40E8D36-4700-487E-B68D-D666C2E585CB}
	EndGlobalSection
EndGlobal
