
Microsoft Visual Studio Solution File, Format Version 12.00
# Visual Studio Version 16
VisualStudioVersion = 16.0.30804.86
MinimumVisualStudioVersion = 10.0.40219.1
Project("{FAE04EC0-301F-11D3-BF4B-00C04F79EFBC}") = "arrays", "arrays\arrays.csproj", "{05AF6271-F574-40EA-B85A-5CB0E6976334}"
EndProject
Global
	GlobalSection(SolutionConfigurationPlatforms) = preSolution
		Debug|Any CPU = Debug|Any CPU
		Release|Any CPU = Release|Any CPU
	EndGlobalSection
	GlobalSection(ProjectConfigurationPlatforms) = postSolution
		{05AF6271-F574-40EA-B85A-5CB0E6976334}.Debug|Any CPU.ActiveCfg = Debug|Any CPU
		{05AF6271-F574-40EA-B85A-5CB0E6976334}.Debug|Any CPU.Build.0 = Debug|Any CPU
		{05AF6271-F574-40EA-B85A-5CB0E6976334}.Release|Any CPU.ActiveCfg = Release|Any CPU
		{05AF6271-F574-40EA-B85A-5CB0E6976334}.Release|Any CPU.Build.0 = Release|Any CPU
	EndGlobalSection
	GlobalSection(SolutionProperties) = preSolution
		HideSolutionNode = FALSE
	EndGlobalSection
	GlobalSection(ExtensibilityGlobals) = postSolution
		SolutionGuid = {AC6C1440-52F1-4E9C-9D14-C333F68C5931}
	EndGlobalSection
EndGlobal
