
Microsoft Visual Studio Solution File, Format Version 12.00
# Visual Studio Version 16
VisualStudioVersion = 16.0.30804.86
MinimumVisualStudioVersion = 10.0.40219.1
Project("{FAE04EC0-301F-11D3-BF4B-00C04F79EFBC}") = "ConsoleApp1", "ConsoleApp1\ConsoleApp1.csproj", "{BBE88C66-946A-4608-8A63-0B368A18F961}"
EndProject
Global
	GlobalSection(SolutionConfigurationPlatforms) = preSolution
		Debug|Any CPU = Debug|Any CPU
		Release|Any CPU = Release|Any CPU
	EndGlobalSection
	GlobalSection(ProjectConfigurationPlatforms) = postSolution
		{BBE88C66-946A-4608-8A63-0B368A18F961}.Debug|Any CPU.ActiveCfg = Debug|Any CPU
		{BBE88C66-946A-4608-8A63-0B368A18F961}.Debug|Any CPU.Build.0 = Debug|Any CPU
		{BBE88C66-946A-4608-8A63-0B368A18F961}.Release|Any CPU.ActiveCfg = Release|Any CPU
		{BBE88C66-946A-4608-8A63-0B368A18F961}.Release|Any CPU.Build.0 = Release|Any CPU
	EndGlobalSection
	GlobalSection(SolutionProperties) = preSolution
		HideSolutionNode = FALSE
	EndGlobalSection
	GlobalSection(ExtensibilityGlobals) = postSolution
		SolutionGuid = {00E8BB0C-110A-4EC7-9993-21D79CDBF2D5}
	EndGlobalSection
EndGlobal
