
Microsoft Visual Studio Solution File, Format Version 12.00
# Visual Studio Version 16
VisualStudioVersion = 16.0.30804.86
MinimumVisualStudioVersion = 10.0.40219.1
Project("{FAE04EC0-301F-11D3-BF4B-00C04F79EFBC}") = "zaliczenie-michal-skiba", "zaliczenie-michal-skiba\zaliczenie-michal-skiba.csproj", "{80A8DA00-8B9A-48AD-92F2-37900635639E}"
EndProject
Global
	GlobalSection(SolutionConfigurationPlatforms) = preSolution
		Debug|Any CPU = Debug|Any CPU
		Release|Any CPU = Release|Any CPU
	EndGlobalSection
	GlobalSection(ProjectConfigurationPlatforms) = postSolution
		{80A8DA00-8B9A-48AD-92F2-37900635639E}.Debug|Any CPU.ActiveCfg = Debug|Any CPU
		{80A8DA00-8B9A-48AD-92F2-37900635639E}.Debug|Any CPU.Build.0 = Debug|Any CPU
		{80A8DA00-8B9A-48AD-92F2-37900635639E}.Release|Any CPU.ActiveCfg = Release|Any CPU
		{80A8DA00-8B9A-48AD-92F2-37900635639E}.Release|Any CPU.Build.0 = Release|Any CPU
	EndGlobalSection
	GlobalSection(SolutionProperties) = preSolution
		HideSolutionNode = FALSE
	EndGlobalSection
	GlobalSection(ExtensibilityGlobals) = postSolution
		SolutionGuid = {020A2CD0-CFD5-4B10-A973-02DFC4C2359D}
	EndGlobalSection
EndGlobal
